<?xml version="1.0" encoding="utf-8"?>
<Project ToolsVersion="4.0" xmlns="http://schemas.microsoft.com/developer/msbuild/2003">
  <!-- フィルタ構成は実ディレクトリ構成をそのまま反映する。
       対になる .cpp / .h は同じフィルタに並ぶ。 -->
  <ItemGroup>
    <Filter Include="audio">
      <UniqueIdentifier>{f1000001-0000-0000-0000-000000000001}</UniqueIdentifier>
    </Filter>
    <Filter Include="config">
      <UniqueIdentifier>{f1000002-0000-0000-0000-000000000002}</UniqueIdentifier>
    </Filter>
    <Filter Include="direct3d">
      <UniqueIdentifier>{f1000003-0000-0000-0000-000000000003}</UniqueIdentifier>
    </Filter>
    <Filter Include="game">
      <UniqueIdentifier>{f1000004-0000-0000-0000-000000000004}</UniqueIdentifier>
    </Filter>
    <Filter Include="game\ability">
      <UniqueIdentifier>{f1000005-0000-0000-0000-000000000005}</UniqueIdentifier>
    </Filter>
    <Filter Include="game\ability\abilities">
      <UniqueIdentifier>{f1000006-0000-0000-0000-000000000006}</UniqueIdentifier>
    </Filter>
    <Filter Include="game\boss">
      <UniqueIdentifier>{f1000007-0000-0000-0000-000000000007}</UniqueIdentifier>
    </Filter>
    <Filter Include="game\scene">
      <UniqueIdentifier>{f1000008-0000-0000-0000-000000000008}</UniqueIdentifier>
    </Filter>
    <Filter Include="game_window">
      <UniqueIdentifier>{f1000009-0000-0000-0000-000000000009}</UniqueIdentifier>
    </Filter>
    <Filter Include="input">
      <UniqueIdentifier>{f100000a-0000-0000-0000-00000000000a}</UniqueIdentifier>
    </Filter>
    <Filter Include="shaders">
      <UniqueIdentifier>{f100000b-0000-0000-0000-00000000000b}</UniqueIdentifier>
      <Extensions>hlsl;fx;fxh</Extensions>
    </Filter>
    <Filter Include="sound">
      <UniqueIdentifier>{f100000c-0000-0000-0000-00000000000c}</UniqueIdentifier>
    </Filter>
    <Filter Include="utils">
      <UniqueIdentifier>{f100000d-0000-0000-0000-00000000000d}</UniqueIdentifier>
    </Filter>
  </ItemGroup>
  <ItemGroup>
    <ClCompile Include="main.cpp" />
    <ClCompile Include="audio\Audio.cpp">
      <Filter>audio</Filter>
    </ClCompile>
    <ClCompile Include="config\game_settings.cpp">
      <Filter>config</Filter>
    </ClCompile>
    <ClCompile Include="direct3d\direct3d.cpp">
      <Filter>direct3d</Filter>
    </ClCompile>
    <ClCompile Include="direct3d\sampler.cpp">
      <Filter>direct3d</Filter>
    </ClCompile>
    <ClCompile Include="direct3d\shader.cpp">
      <Filter>direct3d</Filter>
    </ClCompile>
    <ClCompile Include="direct3d\sprite.cpp">
      <Filter>direct3d</Filter>
    </ClCompile>
    <ClCompile Include="direct3d\sprtie_anim.cpp">
      <Filter>direct3d</Filter>
    </ClCompile>
    <ClCompile Include="direct3d\texture.cpp">
      <Filter>direct3d</Filter>
    </ClCompile>
    <ClCompile Include="game\ai.cpp">
      <Filter>game</Filter>
    </ClCompile>
    <ClCompile Include="game\board.cpp">
      <Filter>game</Filter>
    </ClCompile>
    <ClCompile Include="game\board_ops.cpp">
      <Filter>game</Filter>
    </ClCompile>
    <ClCompile Include="game\collision.cpp">
      <Filter>game</Filter>
    </ClCompile>
    <ClCompile Include="game\fade.cpp">
      <Filter>game</Filter>
    </ClCompile>
    <ClCompile Include="game\font_atlas.cpp">
      <Filter>game</Filter>
    </ClCompile>
    <ClCompile Include="game\render_primitives.cpp">
      <Filter>game</Filter>
    </ClCompile>
    <ClCompile Include="game\run_state.cpp">
      <Filter>game</Filter>
    </ClCompile>
    <ClCompile Include="game\text_draw.cpp">
      <Filter>game</Filter>
    </ClCompile>
    <ClCompile Include="game\win_check.cpp">
      <Filter>game</Filter>
    </ClCompile>
    <ClCompile Include="game\ability\ability_pool.cpp">
      <Filter>game\ability</Filter>
    </ClCompile>
    <ClCompile Include="game\ability\ability_registry.cpp">
      <Filter>game\ability</Filter>
    </ClCompile>
    <ClCompile Include="game\ability\default_hooks.cpp">
      <Filter>game\ability</Filter>
    </ClCompile>
    <ClCompile Include="game\ability\abilities\boss_chain_pulse.cpp">
      <Filter>game\ability\abilities</Filter>
    </ClCompile>
    <ClCompile Include="game\ability\abilities\boss_ice_slide.cpp">
      <Filter>game\ability\abilities</Filter>
    </ClCompile>
    <ClCompile Include="game\ability\abilities\boss_spiral_rotate.cpp">
      <Filter>game\ability\abilities</Filter>
    </ClCompile>
    <ClCompile Include="game\ability\abilities\contemplation.cpp">
      <Filter>game\ability\abilities</Filter>
    </ClCompile>
    <ClCompile Include="game\ability\abilities\focus.cpp">
      <Filter>game\ability\abilities</Filter>
    </ClCompile>
    <ClCompile Include="game\ability\abilities\ice_tile.cpp">
      <Filter>game\ability\abilities</Filter>
    </ClCompile>
    <ClCompile Include="game\ability\abilities\board_expand.cpp">
      <Filter>game\ability\abilities</Filter>
    </ClCompile>
    <ClCompile Include="game\ability\abilities\absolute_victory.cpp">
      <Filter>game\ability\abilities</Filter>
    </ClCompile>
    <ClCompile Include="game\ability\abilities\boss_engraved.cpp">
      <Filter>game\ability\abilities</Filter>
    </ClCompile>
    <ClCompile Include="game\ability\abilities\boss_gravity.cpp">
      <Filter>game\ability\abilities</Filter>
    </ClCompile>
    <ClCompile Include="game\ability\abilities\boss_mirror.cpp">
      <Filter>game\ability\abilities</Filter>
    </ClCompile>
    <ClCompile Include="game\ability\abilities\boss_time_eater.cpp">
      <Filter>game\ability\abilities</Filter>
    </ClCompile>
    <ClCompile Include="game\ability\abilities\chain_shard.cpp">
      <Filter>game\ability\abilities</Filter>
    </ClCompile>
    <ClCompile Include="game\ability\abilities\corner_dominion.cpp">
      <Filter>game\ability\abilities</Filter>
    </ClCompile>
    <ClCompile Include="game\ability\abilities\diagonal_void.cpp">
      <Filter>game\ability\abilities</Filter>
    </ClCompile>
    <ClCompile Include="game\ability\abilities\heavy_piece.cpp">
      <Filter>game\ability\abilities</Filter>
    </ClCompile>
    <ClCompile Include="game\ability\abilities\immortal.cpp">
      <Filter>game\ability\abilities</Filter>
    </ClCompile>
    <ClCompile Include="game\ability\abilities\l_win.cpp">
      <Filter>game\ability\abilities</Filter>
    </ClCompile>
    <ClCompile Include="game\ability\abilities\margin.cpp">
      <Filter>game\ability\abilities</Filter>
    </ClCompile>
    <ClCompile Include="game\ability\abilities\reflection.cpp">
      <Filter>game\ability\abilities</Filter>
    </ClCompile>
    <ClCompile Include="game\ability\abilities\sands_of_time.cpp">
      <Filter>game\ability\abilities</Filter>
    </ClCompile>
    <ClCompile Include="game\ability\abilities\spiral_shard.cpp">
      <Filter>game\ability\abilities</Filter>
    </ClCompile>
    <ClCompile Include="game\ability\abilities\time_stop.cpp">
      <Filter>game\ability\abilities</Filter>
    </ClCompile>
    <ClCompile Include="game\config.cpp">
      <Filter>game</Filter>
    </ClCompile>
    <ClCompile Include="game\view3d.cpp">
      <Filter>game</Filter>
    </ClCompile>
    <ClCompile Include="game\ability\abilities\two_hands.cpp">
      <Filter>game\ability\abilities</Filter>
    </ClCompile>
    <ClCompile Include="game\boss\boss_roster.cpp">
      <Filter>game\boss</Filter>
    </ClCompile>
    <ClCompile Include="game\boss\ice_board_boss.cpp">
      <Filter>game\boss</Filter>
    </ClCompile>
    <ClCompile Include="game\boss\mirror_warden_boss.cpp">
      <Filter>game\boss</Filter>
    </ClCompile>
    <ClCompile Include="game\boss\spiral_queen_boss.cpp">
      <Filter>game\boss</Filter>
    </ClCompile>
    <ClCompile Include="game\boss\chain_pulse_boss.cpp">
      <Filter>game\boss</Filter>
    </ClCompile>
    <ClCompile Include="game\boss\time_devourer_boss.cpp">
      <Filter>game\boss</Filter>
    </ClCompile>
    <ClCompile Include="game\boss\gravity_tyrant_boss.cpp">
      <Filter>game\boss</Filter>
    </ClCompile>
    <ClCompile Include="game\boss\engraved_one_boss.cpp">
      <Filter>game\boss</Filter>
    </ClCompile>
    <ClCompile Include="game\scene\game.cpp">
      <Filter>game\scene</Filter>
    </ClCompile>
    <ClCompile Include="game\scene\history.cpp">
      <Filter>game\scene</Filter>
    </ClCompile>
    <ClCompile Include="game\scene\result.cpp">
      <Filter>game\scene</Filter>
    </ClCompile>
    <ClCompile Include="game\scene\reward.cpp">
      <Filter>game\scene</Filter>
    </ClCompile>
    <ClCompile Include="game\scene\scene.cpp">
      <Filter>game\scene</Filter>
    </ClCompile>
    <ClCompile Include="game\scene\title.cpp">
      <Filter>game\scene</Filter>
    </ClCompile>
    <ClCompile Include="game_window\game_window.cpp">
      <Filter>game_window</Filter>
    </ClCompile>
    <ClCompile Include="input\input_manager.cpp">
      <Filter>input</Filter>
    </ClCompile>
    <ClCompile Include="input\key_logger.cpp">
      <Filter>input</Filter>
    </ClCompile>
    <ClCompile Include="input\keyboard.cpp">
      <Filter>input</Filter>
    </ClCompile>
    <ClCompile Include="input\mouse.cpp">
      <Filter>input</Filter>
    </ClCompile>
    <ClCompile Include="input\pad_logger.cpp">
      <Filter>input</Filter>
    </ClCompile>
    <ClCompile Include="sound\sound_manager.cpp">
      <Filter>sound</Filter>
    </ClCompile>
    <ClCompile Include="utils\debug_ostream.cpp">
      <Filter>utils</Filter>
    </ClCompile>
    <ClCompile Include="utils\debug_text.cpp">
      <Filter>utils</Filter>
    </ClCompile>
    <ClCompile Include="utils\system_timer.cpp">
      <Filter>utils</Filter>
    </ClCompile>
    <ClCompile Include="utils\WICTextureLoader11.cpp">
      <Filter>utils</Filter>
    </ClCompile>
  </ItemGroup>
  <ItemGroup>
    <ClInclude Include="audio\Audio.h">
      <Filter>audio</Filter>
    </ClInclude>
    <ClInclude Include="config\game_settings.h">
      <Filter>config</Filter>
    </ClInclude>
    <ClInclude Include="direct3d\direct3d.h">
      <Filter>direct3d</Filter>
    </ClInclude>
    <ClInclude Include="direct3d\sampler.h">
      <Filter>direct3d</Filter>
    </ClInclude>
    <ClInclude Include="direct3d\shader.h">
      <Filter>direct3d</Filter>
    </ClInclude>
    <ClInclude Include="direct3d\sprite.h">
      <Filter>direct3d</Filter>
    </ClInclude>
    <ClInclude Include="direct3d\sprite_anim.h">
      <Filter>direct3d</Filter>
    </ClInclude>
    <ClInclude Include="direct3d\texture.h">
      <Filter>direct3d</Filter>
    </ClInclude>
    <ClInclude Include="game\ai.h">
      <Filter>game</Filter>
    </ClInclude>
    <ClInclude Include="game\board.h">
      <Filter>game</Filter>
    </ClInclude>
    <ClInclude Include="game\board_ops.h">
      <Filter>game</Filter>
    </ClInclude>
    <ClInclude Include="game\collision.h">
      <Filter>game</Filter>
    </ClInclude>
    <ClInclude Include="game\direction.h">
      <Filter>game</Filter>
    </ClInclude>
    <ClInclude Include="game\fade.h">
      <Filter>game</Filter>
    </ClInclude>
    <ClInclude Include="game\font_atlas.h">
      <Filter>game</Filter>
    </ClInclude>
    <ClInclude Include="game\game_state.h">
      <Filter>game</Filter>
    </ClInclude>
    <ClInclude Include="game\piece.h">
      <Filter>game</Filter>
    </ClInclude>
    <ClInclude Include="game\render_primitives.h">
      <Filter>game</Filter>
    </ClInclude>
    <ClInclude Include="game\run_state.h">
      <Filter>game</Filter>
    </ClInclude>
    <ClInclude Include="game\text_draw.h">
      <Filter>game</Filter>
    </ClInclude>
    <ClInclude Include="game\win_check.h">
      <Filter>game</Filter>
    </ClInclude>
    <ClInclude Include="game\ability\ability.h">
      <Filter>game\ability</Filter>
    </ClInclude>
    <ClInclude Include="game\ability\ability_pool.h">
      <Filter>game\ability</Filter>
    </ClInclude>
    <ClInclude Include="game\ability\ability_registry.h">
      <Filter>game\ability</Filter>
    </ClInclude>
    <ClInclude Include="game\ability\default_hooks.h">
      <Filter>game\ability</Filter>
    </ClInclude>
    <ClInclude Include="game\ability\hooks.h">
      <Filter>game\ability</Filter>
    </ClInclude>
    <ClInclude Include="game\ability\abilities\boss_chain_pulse.h">
      <Filter>game\ability\abilities</Filter>
    </ClInclude>
    <ClInclude Include="game\ability\abilities\boss_ice_slide.h">
      <Filter>game\ability\abilities</Filter>
    </ClInclude>
    <ClInclude Include="game\ability\abilities\boss_spiral_rotate.h">
      <Filter>game\ability\abilities</Filter>
    </ClInclude>
    <ClInclude Include="game\ability\abilities\contemplation.h">
      <Filter>game\ability\abilities</Filter>
    </ClInclude>
    <ClInclude Include="game\ability\abilities\focus.h">
      <Filter>game\ability\abilities</Filter>
    </ClInclude>
    <ClInclude Include="game\ability\abilities\ice_tile.h">
      <Filter>game\ability\abilities</Filter>
    </ClInclude>
    <ClInclude Include="game\ability\abilities\board_expand.h">
      <Filter>game\ability\abilities</Filter>
    </ClInclude>
    <ClInclude Include="game\ability\abilities\absolute_victory.h">
      <Filter>game\ability\abilities</Filter>
    </ClInclude>
    <ClInclude Include="game\ability\abilities\boss_engraved.h">
      <Filter>game\ability\abilities</Filter>
    </ClInclude>
    <ClInclude Include="game\ability\abilities\boss_gravity.h">
      <Filter>game\ability\abilities</Filter>
    </ClInclude>
    <ClInclude Include="game\ability\abilities\boss_mirror.h">
      <Filter>game\ability\abilities</Filter>
    </ClInclude>
    <ClInclude Include="game\ability\abilities\boss_time_eater.h">
      <Filter>game\ability\abilities</Filter>
    </ClInclude>
    <ClInclude Include="game\ability\abilities\chain_shard.h">
      <Filter>game\ability\abilities</Filter>
    </ClInclude>
    <ClInclude Include="game\ability\abilities\corner_dominion.h">
      <Filter>game\ability\abilities</Filter>
    </ClInclude>
    <ClInclude Include="game\ability\abilities\diagonal_void.h">
      <Filter>game\ability\abilities</Filter>
    </ClInclude>
    <ClInclude Include="game\ability\abilities\heavy_piece.h">
      <Filter>game\ability\abilities</Filter>
    </ClInclude>
    <ClInclude Include="game\ability\abilities\immortal.h">
      <Filter>game\ability\abilities</Filter>
    </ClInclude>
    <ClInclude Include="game\ability\abilities\l_win.h">
      <Filter>game\ability\abilities</Filter>
    </ClInclude>
    <ClInclude Include="game\ability\abilities\margin.h">
      <Filter>game\ability\abilities</Filter>
    </ClInclude>
    <ClInclude Include="game\ability\abilities\reflection.h">
      <Filter>game\ability\abilities</Filter>
    </ClInclude>
    <ClInclude Include="game\ability\abilities\sands_of_time.h">
      <Filter>game\ability\abilities</Filter>
    </ClInclude>
    <ClInclude Include="game\ability\abilities\spiral_shard.h">
      <Filter>game\ability\abilities</Filter>
    </ClInclude>
    <ClInclude Include="game\ability\abilities\time_stop.h">
      <Filter>game\ability\abilities</Filter>
    </ClInclude>
    <ClInclude Include="game\config.h">
      <Filter>game</Filter>
    </ClInclude>
    <ClInclude Include="game\view3d.h">
      <Filter>game</Filter>
    </ClInclude>
    <ClInclude Include="game\ability\abilities\two_hands.h">
      <Filter>game\ability\abilities</Filter>
    </ClInclude>
    <ClInclude Include="game\boss\boss.h">
      <Filter>game\boss</Filter>
    </ClInclude>
    <ClInclude Include="game\boss\boss_roster.h">
      <Filter>game\boss</Filter>
    </ClInclude>
    <ClInclude Include="game\boss\ice_board_boss.h">
      <Filter>game\boss</Filter>
    </ClInclude>
    <ClInclude Include="game\boss\mirror_warden_boss.h">
      <Filter>game\boss</Filter>
    </ClInclude>
    <ClInclude Include="game\boss\spiral_queen_boss.h">
      <Filter>game\boss</Filter>
    </ClInclude>
    <ClInclude Include="game\boss\chain_pulse_boss.h">
      <Filter>game\boss</Filter>
    </ClInclude>
    <ClInclude Include="game\boss\time_devourer_boss.h">
      <Filter>game\boss</Filter>
    </ClInclude>
    <ClInclude Include="game\boss\gravity_tyrant_boss.h">
      <Filter>game\boss</Filter>
    </ClInclude>
    <ClInclude Include="game\boss\engraved_one_boss.h">
      <Filter>game\boss</Filter>
    </ClInclude>
    <ClInclude Include="game\scene\game.h">
      <Filter>game\scene</Filter>
    </ClInclude>
    <ClInclude Include="game\scene\history.h">
      <Filter>game\scene</Filter>
    </ClInclude>
    <ClInclude Include="game\scene\result.h">
      <Filter>game\scene</Filter>
    </ClInclude>
    <ClInclude Include="game\scene\reward.h">
      <Filter>game\scene</Filter>
    </ClInclude>
    <ClInclude Include="game\scene\scene.h">
      <Filter>game\scene</Filter>
    </ClInclude>
    <ClInclude Include="game\scene\title.h">
      <Filter>game\scene</Filter>
    </ClInclude>
    <ClInclude Include="game_window\game_window.h">
      <Filter>game_window</Filter>
    </ClInclude>
    <ClInclude Include="input\input_manager.h">
      <Filter>input</Filter>
    </ClInclude>
    <ClInclude Include="input\key_logger.h">
      <Filter>input</Filter>
    </ClInclude>
    <ClInclude Include="input\keyboard.h">
      <Filter>input</Filter>
    </ClInclude>
    <ClInclude Include="input\mouse.h">
      <Filter>input</Filter>
    </ClInclude>
    <ClInclude Include="input\pad_logger.h">
      <Filter>input</Filter>
    </ClInclude>
    <ClInclude Include="sound\sound_manager.h">
      <Filter>sound</Filter>
    </ClInclude>
    <ClInclude Include="utils\color.h">
      <Filter>utils</Filter>
    </ClInclude>
    <ClInclude Include="utils\debug_ostream.h">
      <Filter>utils</Filter>
    </ClInclude>
    <ClInclude Include="utils\debug_text.h">
      <Filter>utils</Filter>
    </ClInclude>
    <ClInclude Include="utils\DirectXTex.h">
      <Filter>utils</Filter>
    </ClInclude>
    <ClInclude Include="utils\helper.h">
      <Filter>utils</Filter>
    </ClInclude>
    <ClInclude Include="utils\system_timer.h">
      <Filter>utils</Filter>
    </ClInclude>
    <ClInclude Include="utils\WICTextureLoader11.h">
      <Filter>utils</Filter>
    </ClInclude>
  </ItemGroup>
  <ItemGroup>
    <FxCompile Include="shaders\shader_pixel_2d.hlsl">
      <Filter>shaders</Filter>
    </FxCompile>
    <FxCompile Include="shaders\shader_vertex_2d.hlsl">
      <Filter>shaders</Filter>
    </FxCompile>
  </ItemGroup>
  <ItemGroup>
    <None Include="utils\DirectXTex.inl">
      <Filter>utils</Filter>
    </None>
  </ItemGroup>
</Project>
